hash: 79d2f458c07c389ec0ae2b0bd2c88c29d0bc4ad1b947ae250a6aba1cca42e657
updated: 2017-06-01T15:50:53.347886627Z
imports:
- name: github.com/docker/distribution
  version: a25b9ef0c9fe242ac04bb20d3a028442b7d266b6
  subpackages:
  - digestset
- name: github.com/docker/engine-api
  version: 3d1601b9d2436a70b0dfc045a23f6503d19195df
  subpackages:
  - client
  - types
  - types/container
  - types/events
  - types/filters
- name: github.com/docker/go-connections
  version: 990a1a1a70b0da4c4cb70e117971a4f0babfbf1a
  subpackages:
  - nat
- name: github.com/docker/go-units
  version: f2d77a61e3c169b43402a0a1e84f06daf29b8190
- name: github.com/opencontainers/runc
  version: 75f8da7c889acc4509a0cf6f0d3a8f9584778375
  subpackages:
  - libcontainer/user
- name: github.com/Sirupsen/logrus
  version: ba1b36c82c5e05c4f912a88eab0dcd91a171688f
- name: github.com/vdemeester/docker-events
  version: 4a83cc6dc9d599f999b62fe16bddd882ea731008
- name: golang.org/x/net
  version: 3da985ce5951d99de868be4385f21ea6c2b22f24
  subpackages:
  - context
- name: golang.org/x/sys
  version: b90f89a1e7a9c1f6b918820b3daa7f08488c8594
  subpackages:
  - unix
testImports: []
